// !$*UTF8*$!
{
	archiveVersion = 1;
	classes = {
	};
	objectVersion = 56;
	objects = {

/* Begin PBXBuildFile section */
		CD74DC3F2A0A0AC700E7FB71 /* AppDelegate.swift in Sources */ = {isa = PBXBuildFile; fileRef = CD74DC3E2A0A0AC700E7FB71 /* AppDelegate.swift */; };
		CD74DC412A0A0AC700E7FB71 /* SceneDelegate.swift in Sources */ = {isa = PBXBuildFile; fileRef = CD74DC402A0A0AC700E7FB71 /* SceneDelegate.swift */; };
		CD74DC432A0A0AC700E7FB71 /* ViewController.swift in Sources */ = {isa = PBXBuildFile; fileRef = CD74DC422A0A0AC700E7FB71 /* ViewController.swift */; };
		CD74DC462A0A0AC700E7FB71 /* Main.storyboard in Resources */ = {isa = PBXBuildFile; fileRef = CD74DC442A0A0AC700E7FB71 /* Main.storyboard */; };
		CD74DC482A0A0AC800E7FB71 /* Assets.xcassets in Resources */ = {isa = PBXBuildFile; fileRef = CD74DC472A0A0AC800E7FB71 /* Assets.xcassets */; };
		CD74DC4B2A0A0AC800E7FB71 /* LaunchScreen.storyboard in Resources */ = {isa = PBXBuildFile; fileRef = CD74DC492A0A0AC800E7FB71 /* LaunchScreen.storyboard */; };
		CD74DC562A0A0AC800E7FB71 /* calTests.swift in Sources */ = {isa = PBXBuildFile; fileRef = CD74DC552A0A0AC800E7FB71 /* calTests.swift */; };
		CD74DC602A0A0AC800E7FB71 /* calUITests.swift in Sources */ = {isa = PBXBuildFile; fileRef = CD74DC5F2A0A0AC800E7FB71 /* calUITests.swift */; };
		CD74DC622A0A0AC800E7FB71 /* calUITestsLaunchTests.swift in Sources */ = {isa = PBXBuildFile; fileRef = CD74DC612A0A0AC800E7FB71 /* calUITestsLaunchTests.swift */; };
/* End PBXBuildFile section */

/* Begin PBXContainerItemProxy section */
		CD74DC522A0A0AC800E7FB71 /* PBXContainerItemProxy */ = {
			isa = PBXContainerItemProxy;
			containerPortal = CD74DC332A0A0AC600E7FB71 /* Project object */;
			proxyType = 1;
			remoteGlobalIDString = CD74DC3A2A0A0AC700E7FB71;
			remoteInfo = cal;
		};
		CD74DC5C2A0A0AC800E7FB71 /* PBXContainerItemProxy */ = {
			isa = PBXContainerItemProxy;
			containerPortal = CD74DC332A0A0AC600E7FB71 /* Project object */;
			proxyType = 1;
			remoteGlobalIDString = CD74DC3A2A0A0AC700E7FB71;
			remoteInfo = cal;
		};
/* End PBXContainerItemProxy section */

/* Begin PBXFileReference section */
		CD74DC3B2A0A0AC700E7FB71 /* cal.app */ = {isa = PBXFileReference; explicitFileType = wrapper.application; includeInIndex = 0; path = cal.app; sourceTree = BUILT_PRODUCTS_DIR; };
		CD74DC3E2A0A0AC700E7FB71 /* AppDelegate.swift */ = {isa = PBXFileReference; lastKnownFileType = sourcecode.swift; path = AppDelegate.swift; sourceTree = "<group>"; };
		CD74DC402A0A0AC700E7FB71 /* SceneDelegate.swift */ = {isa = PBXFileReference; lastKnownFileType = sourcecode.swift; path = SceneDelegate.swift; sourceTree = "<group>"; };
		CD74DC422A0A0AC700E7FB71 /* ViewController.swift */ = {isa = PBXFileReference; lastKnownFileType = sourcecode.swift; path = ViewController.swift; sourceTree = "<group>"; };
		CD74DC452A0A0AC700E7FB71 /* Base */ = {isa = PBXFileReference; lastKnownFileType = file.storyboard; name = Base; path = Base.lproj/Main.storyboard; sourceTree = "<group>"; };
		CD74DC472A0A0AC800E7FB71 /* Assets.xcassets */ = {isa = PBXFileReference; lastKnownFileType = folder.assetcatalog; path = Assets.xcassets; sourceTree = "<group>"; };
		CD74DC4A2A0A0AC800E7FB71 /* Base */ = {isa = PBXFileReference; lastKnownFileType = file.storyboard; name = Base; path = Base.lproj/LaunchScreen.storyboard; sourceTree = "<group>"; };
		CD74DC4C2A0A0AC800E7FB71 /* Info.plist */ = {isa = PBXFileReference; lastKnownFileType = text.plist.xml; path = Info.plist; sourceTree = "<group>"; };
		CD74DC512A0A0AC800E7FB71 /* calTests.xctest */ = {isa = PBXFileReference; explicitFileType = wrapper.cfbundle; includeInIndex = 0; path = calTests.xctest; sourceTree = BUILT_PRODUCTS_DIR; };
		CD74DC552A0A0AC800E7FB71 /* calTests.swift */ = {isa = PBXFileReference; lastKnownFileType = sourcecode.swift; path = calTests.swift; sourceTree = "<group>"; };
		CD74DC5B2A0A0AC800E7FB71 /* calUITests.xctest */ = {isa = PBXFileReference; explicitFileType = wrapper.cfbundle; includeInIndex = 0; path = calUITests.xctest; sourceTree = BUILT_PRODUCTS_DIR; };
		CD74DC5F2A0A0AC800E7FB71 /* calUITests.swift */ = {isa = PBXFileReference; lastKnownFileType = sourcecode.swift; path = calUITests.swift; sourceTree = "<group>"; };
		CD74DC612A0A0AC800E7FB71 /* calUITestsLaunchTests.swift */ = {isa = PBXFileReference; lastKnownFileType = sourcecode.swift; path = calUITestsLaunchTests.swift; sourceTree = "<group>"; };
/* End PBXFileReference section */

/* Begin PBXFrameworksBuildPhase section */
		CD74DC382A0A0AC700E7FB71 /* Frameworks */ = {
			isa = PBXFrameworksBuildPhase;
			buildActionMask = 2147483647;
			files = (
			);
			runOnlyForDeploymentPostprocessing = 0;
		};
		CD74DC4E2A0A0AC800E7FB71 /* Frameworks */ = {
			isa = PBXFrameworksBuildPhase;
			buildActionMask = 2147483647;
			files = (
			);
			runOnlyForDeploymentPostprocessing = 0;
		};
		CD74DC582A0A0AC800E7FB71 /* Frameworks */ = {
			isa = PBXFrameworksBuildPhase;
			buildActionMask = 2147483647;
			files = (
			);
			runOnlyForDeploymentPostprocessing = 0;
		};
/* End PBXFrameworksBuildPhase section */

/* Begin PBXGroup section */
		CD74DC322A0A0AC600E7FB71 = {
			isa = PBXGroup;
			children = (
				CD74DC3D2A0A0AC700E7FB71 /* cal */,
				CD74DC542A0A0AC800E7FB71 /* calTests */,
				CD74DC5E2A0A0AC800E7FB71 /* calUITests */,
				CD74DC3C2A0A0AC700E7FB71 /* Products */,
			);
			sourceTree = "<group>";
		};
		CD74DC3C2A0A0AC700E7FB71 /* Products */ = {
			isa = PBXGroup;
			children = (
				CD74DC3B2A0A0AC700E7FB71 /* cal.app */,
				CD74DC512A0A0AC800E7FB71 /* calTests.xctest */,
				CD74DC5B2A0A0AC800E7FB71 /* calUITests.xctest */,
			);
			name = Products;
			sourceTree = "<group>";
		};
		CD74DC3D2A0A0AC700E7FB71 /* cal */ = {
			isa = PBXGroup;
			children = (
				CD74DC3E2A0A0AC700E7FB71 /* AppDelegate.swift */,
				CD74DC402A0A0AC700E7FB71 /* SceneDelegate.swift */,
				CD74DC422A0A0AC700E7FB71 /* ViewController.swift */,
				CD74DC442A0A0AC700E7FB71 /* Main.storyboard */,
				CD74DC472A0A0AC800E7FB71 /* Assets.xcassets */,
				CD74DC492A0A0AC800E7FB71 /* LaunchScreen.storyboard */,
				CD74DC4C2A0A0AC800E7FB71 /* Info.plist */,
			);
			path = cal;
			sourceTree = "<group>";
		};
		CD74DC542A0A0AC800E7FB71 /* calTests */ = {
			isa = PBXGroup;
			children = (
				CD74DC552A0A0AC800E7FB71 /* calTests.swift */,
			);
			path = calTests;
			sourceTree = "<group>";
		};
		CD74DC5E2A0A0AC800E7FB71 /* calUITests */ = {
			isa = PBXGroup;
			children = (
				CD74DC5F2A0A0AC800E7FB71 /* calUITests.swift */,
				CD74DC612A0A0AC800E7FB71 /* calUITestsLaunchTests.swift */,
			);
			path = calUITests;
			sourceTree = "<group>";
		};
/* End PBXGroup section */

/* Begin PBXNativeTarget section */
		CD74DC3A2A0A0AC700E7FB71 /* cal */ = {
			isa = PBXNativeTarget;
			buildConfigurationList = CD74DC652A0A0AC800E7FB71 /* Build configuration list for PBXNativeTarget "cal" */;
			buildPhases = (
				CD74DC372A0A0AC700E7FB71 /* Sources */,
				CD74DC382A0A0AC700E7FB71 /* Frameworks */,
				CD74DC392A0A0AC700E7FB71 /* Resources */,
			);
			buildRules = (
			);
			dependencies = (
			);
			name = cal;
			productName = cal;
			productReference = CD74DC3B2A0A0AC700E7FB71 /* cal.app */;
			productType = "com.apple.product-type.application";
		};
		CD74DC502A0A0AC800E7FB71 /* calTests */ = {
			isa = PBXNativeTarget;
			buildConfigurationList = CD74DC682A0A0AC800E7FB71 /* Build configuration list for PBXNativeTarget "calTests" */;
			buildPhases = (
				CD74DC4D2A0A0AC800E7FB71 /* Sources */,
				CD74DC4E2A0A0AC800E7FB71 /* Frameworks */,
				CD74DC4F2A0A0AC800E7FB71 /* Resources */,
			);
			buildRules = (
			);
			dependencies = (
				CD74DC532A0A0AC800E7FB71 /* PBXTargetDependency */,
			);
			name = calTests;
			productName = calTests;
			productReference = CD74DC512A0A0AC800E7FB71 /* calTests.xctest */;
			productType = "com.apple.product-type.bundle.unit-test";
		};
		CD74DC5A2A0A0AC800E7FB71 /* calUITests */ = {
			isa = PBXNativeTarget;
			buildConfigurationList = CD74DC6B2A0A0AC800E7FB71 /* Build configuration list for PBXNativeTarget "calUITests" */;
			buildPhases = (
				CD74DC572A0A0AC800E7FB71 /* Sources */,
				CD74DC582A0A0AC800E7FB71 /* Frameworks */,
				CD74DC592A0A0AC800E7FB71 /* Resources */,
			);
			buildRules = (
			);
			dependencies = (
				CD74DC5D2A0A0AC800E7FB71 /* PBXTargetDependency */,
			);
			name = calUITests;
			productName = calUITests;
			productReference = CD74DC5B2A0A0AC800E7FB71 /* calUITests.xctest */;
			productType = "com.apple.product-type.bundle.ui-testing";
		};
/* End PBXNativeTarget section */

/* Begin PBXProject section */
		CD74DC332A0A0AC600E7FB71 /* Project object */ = {
			isa = PBXProject;
			attributes = {
				BuildIndependentTargetsInParallel = 1;
				LastSwiftUpdateCheck = 1430;
				LastUpgradeCheck = 1430;
				TargetAttributes = {
					CD74DC3A2A0A0AC700E7FB71 = {
						CreatedOnToolsVersion = 14.3;
					};
					CD74DC502A0A0AC800E7FB71 = {
						CreatedOnToolsVersion = 14.3;
						TestTargetID = CD74DC3A2A0A0AC700E7FB71;
					};
					CD74DC5A2A0A0AC800E7FB71 = {
						CreatedOnToolsVersion = 14.3;
						TestTargetID = CD74DC3A2A0A0AC700E7FB71;
					};
				};
			};
			buildConfigurationList = CD74DC362A0A0AC600E7FB71 /* Build configuration list for PBXProject "cal" */;
			compatibilityVersion = "Xcode 14.0";
			developmentRegion = en;
			hasScannedForEncodings = 0;
			knownRegions = (
				en,
				Base,
			);
			mainGroup = CD74DC322A0A0AC600E7FB71;
			productRefGroup = CD74DC3C2A0A0AC700E7FB71 /* Products */;
			projectDirPath = "";
			projectRoot = "";
			targets = (
				CD74DC3A2A0A0AC700E7FB71 /* cal */,
				CD74DC502A0A0AC800E7FB71 /* calTests */,
				CD74DC5A2A0A0AC800E7FB71 /* calUITests */,
			);
		};
/* End PBXProject section */

/* Begin PBXResourcesBuildPhase section */
		CD74DC392A0A0AC700E7FB71 /* Resources */ = {
			isa = PBXResourcesBuildPhase;
			buildActionMask = 2147483647;
			files = (
				CD74DC4B2A0A0AC800E7FB71 /* LaunchScreen.storyboard in Resources */,
				CD74DC482A0A0AC800E7FB71 /* Assets.xcassets in Resources */,
				CD74DC462A0A0AC700E7FB71 /* Main.storyboard in Resources */,
			);
			runOnlyForDeploymentPostprocessing = 0;
		};
		CD74DC4F2A0A0AC800E7FB71 /* Resources */ = {
			isa = PBXResourcesBuildPhase;
			buildActionMask = 2147483647;
			files = (
			);
			runOnlyForDeploymentPostprocessing = 0;
		};
		CD74DC592A0A0AC800E7FB71 /* Resources */ = {
			isa = PBXResourcesBuildPhase;
			buildActionMask = 2147483647;
			files = (
			);
			runOnlyForDeploymentPostprocessing = 0;
		};
/* End PBXResourcesBuildPhase section */

/* Begin PBXSourcesBuildPhase section */
		CD74DC372A0A0AC700E7FB71 /* Sources */ = {
			isa = PBXSourcesBuildPhase;
			buildActionMask = 2147483647;
			files = (
				CD74DC432A0A0AC700E7FB71 /* ViewController.swift in Sources */,
				CD74DC3F2A0A0AC700E7FB71 /* AppDelegate.swift in Sources */,
				CD74DC412A0A0AC700E7FB71 /* SceneDelegate.swift in Sources */,
			);
			runOnlyForDeploymentPostprocessing = 0;
		};
		CD74DC4D2A0A0AC800E7FB71 /* Sources */ = {
			isa = PBXSourcesBuildPhase;
			buildActionMask = 2147483647;
			files = (
				CD74DC562A0A0AC800E7FB71 /* calTests.swift in Sources */,
			);
			runOnlyForDeploymentPostprocessing = 0;
		};
		CD74DC572A0A0AC800E7FB71 /* Sources */ = {
			isa = PBXSourcesBuildPhase;
			buildActionMask = 2147483647;
			files = (
				CD74DC602A0A0AC800E7FB71 /* calUITests.swift in Sources */,
				CD74DC622A0A0AC800E7FB71 /* calUITestsLaunchTests.swift in Sources */,
			);
			runOnlyForDeploymentPostprocessing = 0;
		};
/* End PBXSourcesBuildPhase section */

/* Begin PBXTargetDependency section */
		CD74DC532A0A0AC800E7FB71 /* PBXTargetDependency */ = {
			isa = PBXTargetDependency;
			target = CD74DC3A2A0A0AC700E7FB71 /* cal */;
			targetProxy = CD74DC522A0A0AC800E7FB71 /* PBXContainerItemProxy */;
		};
		CD74DC5D2A0A0AC800E7FB71 /* PBXTargetDependency */ = {
			isa = PBXTargetDependency;
			target = CD74DC3A2A0A0AC700E7FB71 /* cal */;
			targetProxy = CD74DC5C2A0A0AC800E7FB71 /* PBXContainerItemProxy */;
		};
/* End PBXTargetDependency section */

/* Begin PBXVariantGroup section */
		CD74DC442A0A0AC700E7FB71 /* Main.storyboard */ = {
			isa = PBXVariantGroup;
			children = (
				CD74DC452A0A0AC700E7FB71 /* Base */,
			);
			name = Main.storyboard;
			sourceTree = "<group>";
		};
		CD74DC492A0A0AC800E7FB71 /* LaunchScreen.storyboard */ = {
			isa = PBXVariantGroup;
			children = (
				CD74DC4A2A0A0AC800E7FB71 /* Base */,
			);
			name = LaunchScreen.storyboard;
			sourceTree = "<group>";
		};
/* End PBXVariantGroup section */

/* Begin XCBuildConfiguration section */
		CD74DC632A0A0AC800E7FB71 /* Debug */ = {
			isa = XCBuildConfiguration;
			buildSettings = {
				ALWAYS_SEARCH_USER_PATHS = NO;
				CLANG_ANALYZER_NONNULL = YES;
				CLANG_ANALYZER_NUMBER_OBJECT_CONVERSION = YES_AGGRESSIVE;
				CLANG_CXX_LANGUAGE_STANDARD = "gnu++20";
				CLANG_ENABLE_MODULES = YES;
				CLANG_ENABLE_OBJC_ARC = YES;
				CLANG_ENABLE_OBJC_WEAK = YES;
				CLANG_WARN_BLOCK_CAPTURE_AUTORELEASING = YES;
				CLANG_WARN_BOOL_CONVERSION = YES;
				CLANG_WARN_COMMA = YES;
				CLANG_WARN_CONSTANT_CONVERSION = YES;
				CLANG_WARN_DEPRECATED_OBJC_IMPLEMENTATIONS = YES;
				CLANG_WARN_DIRECT_OBJC_ISA_USAGE = YES_ERROR;
				CLANG_WARN_DOCUMENTATION_COMMENTS = YES;
				CLANG_WARN_EMPTY_BODY = YES;
				CLANG_WARN_ENUM_CONVERSION = YES;
				CLANG_WARN_INFINITE_RECURSION = YES;
				CLANG_WARN_INT_CONVERSION = YES;
				CLANG_WARN_NON_LITERAL_NULL_CONVERSION = YES;
				CLANG_WARN_OBJC_IMPLICIT_RETAIN_SELF = YES;
				CLANG_WARN_OBJC_LITERAL_CONVERSION = YES;
				CLANG_WARN_OBJC_ROOT_CLASS = YES_ERROR;
				CLANG_WARN_QUOTED_INCLUDE_IN_FRAMEWORK_HEADER = YES;
				CLANG_WARN_RANGE_LOOP_ANALYSIS = YES;
				CLANG_WARN_STRICT_PROTOTYPES = YES;
				CLANG_WARN_SUSPICIOUS_MOVE = YES;
				CLANG_WARN_UNGUARDED_AVAILABILITY = YES_AGGRESSIVE;
				CLANG_WARN_UNREACHABLE_CODE = YES;
				CLANG_WARN__DUPLICATE_METHOD_MATCH = YES;
				COPY_PHASE_STRIP = NO;
				DEBUG_INFORMATION_FORMAT = dwarf;
				ENABLE_STRICT_OBJC_MSGSEND = YES;
				ENABLE_TESTABILITY = YES;
				GCC_C_LANGUAGE_STANDARD = gnu11;
				GCC_DYNAMIC_NO_PIC = NO;
				GCC_NO_COMMON_BLOCKS = YES;
				GCC_OPTIMIZATION_LEVEL = 0;
				GCC_PREPROCESSOR_DEFINITIONS = (
					"DEBUG=1",
					"$(inherited)",
				);
				GCC_WARN_64_TO_32_BIT_CONVERSION = YES;
				GCC_WARN_ABOUT_RETURN_TYPE = YES_ERROR;
				GCC_WARN_UNDECLARED_SELECTOR = YES;
				GCC_WARN_UNINITIALIZED_AUTOS = YES_AGGRESSIVE;
				GCC_WARN_UNUSED_FUNCTION = YES;
				GCC_WARN_UNUSED_VARIABLE = YES;
				IPHONEOS_DEPLOYMENT_TARGET = 16.4;
				MTL_ENABLE_DEBUG_INFO = INCLUDE_SOURCE;
				MTL_FAST_MATH = YES;
				ONLY_ACTIVE_ARCH = YES;
				SDKROOT = iphoneos;
				SWIFT_ACTIVE_COMPILATION_CONDITIONS = DEBUG;
				SWIFT_OPTIMIZATION_LEVEL = "-Onone";
			};
			name = Debug;
		};
		CD74DC642A0A0AC800E7FB71 /* Release */ = {
			isa = XCBuildConfiguration;
			buildSettings = {
				ALWAYS_SEARCH_USER_PATHS = NO;
				CLANG_ANALYZER_NONNULL = YES;
				CLANG_ANALYZER_NUMBER_OBJECT_CONVERSION = YES_AGGRESSIVE;
				CLANG_CXX_LANGUAGE_STANDARD = "gnu++20";
				CLANG_ENABLE_MODULES = YES;
				CLANG_ENABLE_OBJC_ARC = YES;
				CLANG_ENABLE_OBJC_WEAK = YES;
				CLANG_WARN_BLOCK_CAPTURE_AUTORELEASING = YES;
				CLANG_WARN_BOOL_CONVERSION = YES;
				CLANG_WARN_COMMA = YES;
				CLANG_WARN_CONSTANT_CONVERSION = YES;
				CLANG_WARN_DEPRECATED_OBJC_IMPLEMENTATIONS = YES;
				CLANG_WARN_DIRECT_OBJC_ISA_USAGE = YES_ERROR;
				CLANG_WARN_DOCUMENTATION_COMMENTS = YES;
				CLANG_WARN_EMPTY_BODY = YES;
				CLANG_WARN_ENUM_CONVERSION = YES;
				CLANG_WARN_INFINITE_RECURSION = YES;
				CLANG_WARN_INT_CONVERSION = YES;
				CLANG_WARN_NON_LITERAL_NULL_CONVERSION = YES;
				CLANG_WARN_OBJC_IMPLICIT_RETAIN_SELF = YES;
				CLANG_WARN_OBJC_LITERAL_CONVERSION = YES;
				CLANG_WARN_OBJC_ROOT_CLASS = YES_ERROR;
				CLANG_WARN_QUOTED_INCLUDE_IN_FRAMEWORK_HEADER = YES;
				CLANG_WARN_RANGE_LOOP_ANALYSIS = YES;
				CLANG_WARN_STRICT_PROTOTYPES = YES;
				CLANG_WARN_SUSPICIOUS_MOVE = YES;
				CLANG_WARN_UNGUARDED_AVAILABILITY = YES_AGGRESSIVE;
				CLANG_WARN_UNREACHABLE_CODE = YES;
				CLANG_WARN__DUPLICATE_METHOD_MATCH = YES;
				COPY_PHASE_STRIP = NO;
				DEBUG_INFORMATION_FORMAT = "dwarf-with-dsym";
				ENABLE_NS_ASSERTIONS = NO;
				ENABLE_STRICT_OBJC_MSGSEND = YES;
				GCC_C_LANGUAGE_STANDARD = gnu11;
				GCC_NO_COMMON_BLOCKS = YES;
				GCC_WARN_64_TO_32_BIT_CONVERSION = YES;
				GCC_WARN_ABOUT_RETURN_TYPE = YES_ERROR;
				GCC_WARN_UNDECLARED_SELECTOR = YES;
				GCC_WARN_UNINITIALIZED_AUTOS = YES_AGGRESSIVE;
				GCC_WARN_UNUSED_FUNCTION = YES;
				GCC_WARN_UNUSED_VARIABLE = YES;
				IPHONEOS_DEPLOYMENT_TARGET = 16.4;
				MTL_ENABLE_DEBUG_INFO = NO;
				MTL_FAST_MATH = YES;
				SDKROOT = iphoneos;
				SWIFT_COMPILATION_MODE = wholemodule;
				SWIFT_OPTIMIZATION_LEVEL = "-O";
				VALIDATE_PRODUCT = YES;
			};
			name = Release;
		};
		CD74DC662A0A0AC800E7FB71 /* Debug */ = {
			isa = XCBuildConfiguration;
			buildSettings = {
				ASSETCATALOG_COMPILER_APPICON_NAME = AppIcon;
				ASSETCATALOG_COMPILER_GLOBAL_ACCENT_COLOR_NAME = AccentColor;
				CODE_SIGN_STYLE = Automatic;
				CURRENT_PROJECT_VERSION = 1;
				GENERATE_INFOPLIST_FILE = YES;
				INFOPLIST_FILE = cal/Info.plist;
				INFOPLIST_KEY_UIApplicationSupportsIndirectInputEvents = YES;
				INFOPLIST_KEY_UILaunchStoryboardName = LaunchScreen;
				INFOPLIST_KEY_UIMainStoryboardFile = Main;
				INFOPLIST_KEY_UISupportedInterfaceOrientations_iPad = "UIInterfaceOrientationPortrait UIInterfaceOrientationPortraitUpsideDown UIInterfaceOrientationLandscapeLeft UIInterfaceOrientationLandscapeRight";
				INFOPLIST_KEY_UISupportedInterfaceOrientations_iPhone = "UIInterfaceOrientationPortrait UIInterfaceOrientationLandscapeLeft UIInterfaceOrientationLandscapeRight";
				LD_RUNPATH_SEARCH_PATHS = (
					"$(inherited)",
					"@executable_path/Frameworks",
				);
				MARKETING_VERSION = 1.0;
				PRODUCT_BUNDLE_IDENTIFIER = com.aziza.cal;
				PRODUCT_NAME = "$(TARGET_NAME)";
				SWIFT_EMIT_LOC_STRINGS = YES;
				SWIFT_VERSION = 5.0;
				TARGETED_DEVICE_FAMILY = "1,2";
			};
			name = Debug;
		};
		CD74DC672A0A0AC800E7FB71 /* Release */ = {
			isa = XCBuildConfiguration;
			buildSettings = {
				ASSETCATALOG_COMPILER_APPICON_NAME = AppIcon;
				ASSETCATALOG_COMPILER_GLOBAL_ACCENT_COLOR_NAME = AccentColor;
				CODE_SIGN_STYLE = Automatic;
				CURRENT_PROJECT_VERSION = 1;
				GENERATE_INFOPLIST_FILE = YES;
				INFOPLIST_FILE = cal/Info.plist;
				INFOPLIST_KEY_UIApplicationSupportsIndirectInputEvents = YES;
				INFOPLIST_KEY_UILaunchStoryboardName = LaunchScreen;
				INFOPLIST_KEY_UIMainStoryboardFile = Main;
				INFOPLIST_KEY_UISupportedInterfaceOrientations_iPad = "UIInterfaceOrientationPortrait UIInterfaceOrientationPortraitUpsideDown UIInterfaceOrientationLandscapeLeft UIInterfaceOrientationLandscapeRight";
				INFOPLIST_KEY_UISupportedInterfaceOrientations_iPhone = "UIInterfaceOrientationPortrait UIInterfaceOrientationLandscapeLeft UIInterfaceOrientationLandscapeRight";
				LD_RUNPATH_SEARCH_PATHS = (
					"$(inherited)",
					"@executable_path/Frameworks",
				);
				MARKETING_VERSION = 1.0;
				PRODUCT_BUNDLE_IDENTIFIER = com.aziza.cal;
				PRODUCT_NAME = "$(TARGET_NAME)";
				SWIFT_EMIT_LOC_STRINGS = YES;
				SWIFT_VERSION = 5.0;
				TARGETED_DEVICE_FAMILY = "1,2";
			};
			name = Release;
		};
		CD74DC692A0A0AC800E7FB71 /* Debug */ = {
			isa = XCBuildConfiguration;
			buildSettings = {
				ALWAYS_EMBED_SWIFT_STANDARD_LIBRARIES = YES;
				BUNDLE_LOADER = "$(TEST_HOST)";
				CODE_SIGN_STYLE = Automatic;
				CURRENT_PROJECT_VERSION = 1;
				GENERATE_INFOPLIST_FILE = YES;
				IPHONEOS_DEPLOYMENT_TARGET = 16.4;
				MARKETING_VERSION = 1.0;
				PRODUCT_BUNDLE_IDENTIFIER = com.aziza.calTests;
				PRODUCT_NAME = "$(TARGET_NAME)";
				SWIFT_EMIT_LOC_STRINGS = NO;
				SWIFT_VERSION = 5.0;
				TARGETED_DEVICE_FAMILY = "1,2";
				TEST_HOST = "$(BUILT_PRODUCTS_DIR)/cal.app/$(BUNDLE_EXECUTABLE_FOLDER_PATH)/cal";
			};
			name = Debug;
		};
		CD74DC6A2A0A0AC800E7FB71 /* Release */ = {
			isa = XCBuildConfiguration;
			buildSettings = {
				ALWAYS_EMBED_SWIFT_STANDARD_LIBRARIES = YES;
				BUNDLE_LOADER = "$(TEST_HOST)";
				CODE_SIGN_STYLE = Automatic;
				CURRENT_PROJECT_VERSION = 1;
				GENERATE_INFOPLIST_FILE = YES;
				IPHONEOS_DEPLOYMENT_TARGET = 16.4;
				MARKETING_VERSION = 1.0;
				PRODUCT_BUNDLE_IDENTIFIER = com.aziza.calTests;
				PRODUCT_NAME = "$(TARGET_NAME)";
				SWIFT_EMIT_LOC_STRINGS = NO;
				SWIFT_VERSION = 5.0;
				TARGETED_DEVICE_FAMILY = "1,2";
				TEST_HOST = "$(BUILT_PRODUCTS_DIR)/cal.app/$(BUNDLE_EXECUTABLE_FOLDER_PATH)/cal";
			};
			name = Release;
		};
		CD74DC6C2A0A0AC800E7FB71 /* Debug */ = {
			isa = XCBuildConfiguration;
			buildSettings = {
				ALWAYS_EMBED_SWIFT_STANDARD_LIBRARIES = YES;
				CODE_SIGN_STYLE = Automatic;
				CURRENT_PROJECT_VERSION = 1;
				GENERATE_INFOPLIST_FILE = YES;
				MARKETING_VERSION = 1.0;
				PRODUCT_BUNDLE_IDENTIFIER = com.aziza.calUITests;
				PRODUCT_NAME = "$(TARGET_NAME)";
				SWIFT_EMIT_LOC_STRINGS = NO;
				SWIFT_VERSION = 5.0;
				TARGETED_DEVICE_FAMILY = "1,2";
				TEST_TARGET_NAME = cal;
			};
			name = Debug;
		};
		CD74DC6D2A0A0AC800E7FB71 /* Release */ = {
			isa = XCBuildConfiguration;
			buildSettings = {
				ALWAYS_EMBED_SWIFT_STANDARD_LIBRARIES = YES;
				CODE_SIGN_STYLE = Automatic;
				CURRENT_PROJECT_VERSION = 1;
				GENERATE_INFOPLIST_FILE = YES;
				MARKETING_VERSION = 1.0;
				PRODUCT_BUNDLE_IDENTIFIER = com.aziza.calUITests;
				PRODUCT_NAME = "$(TARGET_NAME)";
				SWIFT_EMIT_LOC_STRINGS = NO;
				SWIFT_VERSION = 5.0;
				TARGETED_DEVICE_FAMILY = "1,2";
				TEST_TARGET_NAME = cal;
			};
			name = Release;
		};
/* End XCBuildConfiguration section */

/* Begin XCConfigurationList section */
		CD74DC362A0A0AC600E7FB71 /* Build configuration list for PBXProject "cal" */ = {
			isa = XCConfigurationList;
			buildConfigurations = (
				CD74DC632A0A0AC800E7FB71 /* Debug */,
				CD74DC642A0A0AC800E7FB71 /* Release */,
			);
			defaultConfigurationIsVisible = 0;
			defaultConfigurationName = Release;
		};
		CD74DC652A0A0AC800E7FB71 /* Build configuration list for PBXNativeTarget "cal" */ = {
			isa = XCConfigurationList;
			buildConfigurations = (
				CD74DC662A0A0AC800E7FB71 /* Debug */,
				CD74DC672A0A0AC800E7FB71 /* Release */,
			);
			defaultConfigurationIsVisible = 0;
			defaultConfigurationName = Release;
		};
		CD74DC682A0A0AC800E7FB71 /* Build configuration list for PBXNativeTarget "calTests" */ = {
			isa = XCConfigurationList;
			buildConfigurations = (
				CD74DC692A0A0AC800E7FB71 /* Debug */,
				CD74DC6A2A0A0AC800E7FB71 /* Release */,
			);
			defaultConfigurationIsVisible = 0;
			defaultConfigurationName = Release;
		};
		CD74DC6B2A0A0AC800E7FB71 /* Build configuration list for PBXNativeTarget "calUITests" */ = {
			isa = XCConfigurationList;
			buildConfigurations = (
				CD74DC6C2A0A0AC800E7FB71 /* Debug */,
				CD74DC6D2A0A0AC800E7FB71 /* Release */,
			);
			defaultConfigurationIsVisible = 0;
			defaultConfigurationName = Release;
		};
/* End XCConfigurationList section */
	};
	rootObject = CD74DC332A0A0AC600E7FB71 /* Project object */;
}
